
Microsoft Visual Studio Solution File, Format Version 12.00
# Visual Studio 15
VisualStudioVersion = 15.0.27130.2010
MinimumVisualStudioVersion = 10.0.40219.1
Project("{FAE04EC0-301F-11D3-BF4B-00C04F79EFBC}") = "dropDown", "dropDown\dropDown.csproj", "{302C3552-06ED-4F00-A70B-11BDBD06C8BF}"
EndProject
Global
	GlobalSection(SolutionConfigurationPlatforms) = preSolution
		Debug|Any CPU = Debug|Any CPU
		Release|Any CPU = Release|Any CPU
	EndGlobalSection
	GlobalSection(ProjectConfigurationPlatforms) = postSolution
		{302C3552-06ED-4F00-A70B-11BDBD06C8BF}.Debug|Any CPU.ActiveCfg = Debug|Any CPU
		{302C3552-06ED-4F00-A70B-11BDBD06C8BF}.Debug|Any CPU.Build.0 = Debug|Any CPU
		{302C3552-06ED-4F00-A70B-11BDBD06C8BF}.Release|Any CPU.ActiveCfg = Release|Any CPU
		{302C3552-06ED-4F00-A70B-11BDBD06C8BF}.Release|Any CPU.Build.0 = Release|Any CPU
	EndGlobalSection
	GlobalSection(SolutionProperties) = preSolution
		HideSolutionNode = FALSE
	EndGlobalSection
	GlobalSection(ExtensibilityGlobals) = postSolution
		SolutionGuid = {81E9F03A-77A3-4122-94B6-40A5B09DE1B1}
	EndGlobalSection
EndGlobal
